// !$*UTF8*$!
{
	archiveVersion = 1;
	classes = {
	};
	objectVersion = 46;
	objects = {

/* Begin PBXBuildFile section */
		AA2A53F11CFDDD1A003EF9F3 /* main.m in Sources */ = {isa = PBXBuildFile; fileRef = AA2A53F01CFDDD1A003EF9F3 /* main.m */; };
		AA2A53F41CFDDD1A003EF9F3 /* AppDelegate.m in Sources */ = {isa = PBXBuildFile; fileRef = AA2A53F31CFDDD1A003EF9F3 /* AppDelegate.m */; };
		AA2A53F71CFDDD1A003EF9F3 /* ViewController.m in Sources */ = {isa = PBXBuildFile; fileRef = AA2A53F61CFDDD1A003EF9F3 /* ViewController.m */; };
		AA2A53FA1CFDDD1A003EF9F3 /* Main.storyboard in Resources */ = {isa = PBXBuildFile; fileRef = AA2A53F81CFDDD1A003EF9F3 /* Main.storyboard */; };
		AA2A53FC1CFDDD1A003EF9F3 /* Assets.xcassets in Resources */ = {isa = PBXBuildFile; fileRef = AA2A53FB1CFDDD1A003EF9F3 /* Assets.xcassets */; };
		AA2A53FF1CFDDD1A003EF9F3 /* LaunchScreen.storyboard in Resources */ = {isa = PBXBuildFile; fileRef = AA2A53FD1CFDDD1A003EF9F3 /* LaunchScreen.storyboard */; };
		AA2A540A1CFDDD1A003EF9F3 /* AlocatorTests.m in Sources */ = {isa = PBXBuildFile; fileRef = AA2A54091CFDDD1A003EF9F3 /* AlocatorTests.m */; };
		AA2A54151CFDDD1A003EF9F3 /* AlocatorUITests.m in Sources */ = {isa = PBXBuildFile; fileRef = AA2A54141CFDDD1A003EF9F3 /* AlocatorUITests.m */; };
		AA63DE271D01B71A001FE02B /* WhiskeyViewController.m in Sources */ = {isa = PBXBuildFile; fileRef = AA63DE261D01B71A001FE02B /* WhiskeyViewController.m */; };
		AA63DE2D1D01C801001FE02B /* MainMenuViewController.m in Sources */ = {isa = PBXBuildFile; fileRef = AA63DE2C1D01C801001FE02B /* MainMenuViewController.m */; };
/* End PBXBuildFile section */

/* Begin PBXContainerItemProxy section */
		AA2A54061CFDDD1A003EF9F3 /* PBXContainerItemProxy */ = {
			isa = PBXContainerItemProxy;
			containerPortal = AA2A53E41CFDDD1A003EF9F3 /* Project object */;
			proxyType = 1;
			remoteGlobalIDString = AA2A53EB1CFDDD1A003EF9F3;
			remoteInfo = Alocator;
		};
		AA2A54111CFDDD1A003EF9F3 /* PBXContainerItemProxy */ = {
			isa = PBXContainerItemProxy;
			containerPortal = AA2A53E41CFDDD1A003EF9F3 /* Project object */;
			proxyType = 1;
			remoteGlobalIDString = AA2A53EB1CFDDD1A003EF9F3;
			remoteInfo = Alocator;
		};
/* End PBXContainerItemProxy section */

/* Begin PBXFileReference section */
		AA2A53EC1CFDDD1A003EF9F3 /* Alocator.app */ = {isa = PBXFileReference; explicitFileType = wrapper.application; includeInIndex = 0; path = Alocator.app; sourceTree = BUILT_PRODUCTS_DIR; };
		AA2A53F01CFDDD1A003EF9F3 /* main.m */ = {isa = PBXFileReference; lastKnownFileType = sourcecode.c.objc; path = main.m; sourceTree = "<group>"; };
		AA2A53F21CFDDD1A003EF9F3 /* AppDelegate.h */ = {isa = PBXFileReference; lastKnownFileType = sourcecode.c.h; path = AppDelegate.h; sourceTree = "<group>"; };
		AA2A53F31CFDDD1A003EF9F3 /* AppDelegate.m */ = {isa = PBXFileReference; lastKnownFileType = sourcecode.c.objc; path = AppDelegate.m; sourceTree = "<group>"; };
		AA2A53F51CFDDD1A003EF9F3 /* ViewController.h */ = {isa = PBXFileReference; lastKnownFileType = sourcecode.c.h; path = ViewController.h; sourceTree = "<group>"; };
		AA2A53F61CFDDD1A003EF9F3 /* ViewController.m */ = {isa = PBXFileReference; lastKnownFileType = sourcecode.c.objc; path = ViewController.m; sourceTree = "<group>"; };
		AA2A53F91CFDDD1A003EF9F3 /* Base */ = {isa = PBXFileReference; lastKnownFileType = file.storyboard; name = Base; path = Base.lproj/Main.storyboard; sourceTree = "<group>"; };
		AA2A53FB1CFDDD1A003EF9F3 /* Assets.xcassets */ = {isa = PBXFileReference; lastKnownFileType = folder.assetcatalog; path = Assets.xcassets; sourceTree = "<group>"; };
		AA2A53FE1CFDDD1A003EF9F3 /* Base */ = {isa = PBXFileReference; lastKnownFileType = file.storyboard; name = Base; path = Base.lproj/LaunchScreen.storyboard; sourceTree = "<group>"; };
		AA2A54001CFDDD1A003EF9F3 /* Info.plist */ = {isa = PBXFileReference; lastKnownFileType = text.plist.xml; path = Info.plist; sourceTree = "<group>"; };
		AA2A54051CFDDD1A003EF9F3 /* AlocatorTests.xctest */ = {isa = PBXFileReference; explicitFileType = wrapper.cfbundle; includeInIndex = 0; path = AlocatorTests.xctest; sourceTree = BUILT_PRODUCTS_DIR; };
		AA2A54091CFDDD1A003EF9F3 /* AlocatorTests.m */ = {isa = PBXFileReference; lastKnownFileType = sourcecode.c.objc; path = AlocatorTests.m; sourceTree = "<group>"; };
		AA2A540B1CFDDD1A003EF9F3 /* Info.plist */ = {isa = PBXFileReference; lastKnownFileType = text.plist.xml; path = Info.plist; sourceTree = "<group>"; };
		AA2A54101CFDDD1A003EF9F3 /* AlocatorUITests.xctest */ = {isa = PBXFileReference; explicitFileType = wrapper.cfbundle; includeInIndex = 0; path = AlocatorUITests.xctest; sourceTree = BUILT_PRODUCTS_DIR; };
		AA2A54141CFDDD1A003EF9F3 /* AlocatorUITests.m */ = {isa = PBXFileReference; lastKnownFileType = sourcecode.c.objc; path = AlocatorUITests.m; sourceTree = "<group>"; };
		AA2A54161CFDDD1A003EF9F3 /* Info.plist */ = {isa = PBXFileReference; lastKnownFileType = text.plist.xml; path = Info.plist; sourceTree = "<group>"; };
		AA63DE251D01B71A001FE02B /* WhiskeyViewController.h */ = {isa = PBXFileReference; fileEncoding = 4; lastKnownFileType = sourcecode.c.h; path = WhiskeyViewController.h; sourceTree = "<group>"; };
		AA63DE261D01B71A001FE02B /* WhiskeyViewController.m */ = {isa = PBXFileReference; fileEncoding = 4; lastKnownFileType = sourcecode.c.objc; path = WhiskeyViewController.m; sourceTree = "<group>"; };
		AA63DE2B1D01C801001FE02B /* MainMenuViewController.h */ = {isa = PBXFileReference; fileEncoding = 4; lastKnownFileType = sourcecode.c.h; path = MainMenuViewController.h; sourceTree = "<group>"; };
		AA63DE2C1D01C801001FE02B /* MainMenuViewController.m */ = {isa = PBXFileReference; fileEncoding = 4; lastKnownFileType = sourcecode.c.objc; path = MainMenuViewController.m; sourceTree = "<group>"; };
/* End PBXFileReference section */

/* Begin PBXFrameworksBuildPhase section */
		AA2A53E91CFDDD1A003EF9F3 /* Frameworks */ = {
			isa = PBXFrameworksBuildPhase;
			buildActionMask = 2147483647;
			files = (
			);
			runOnlyForDeploymentPostprocessing = 0;
		};
		AA2A54021CFDDD1A003EF9F3 /* Frameworks */ = {
			isa = PBXFrameworksBuildPhase;
			buildActionMask = 2147483647;
			files = (
			);
			runOnlyForDeploymentPostprocessing = 0;
		};
		AA2A540D1CFDDD1A003EF9F3 /* Frameworks */ = {
			isa = PBXFrameworksBuildPhase;
			buildActionMask = 2147483647;
			files = (
			);
			runOnlyForDeploymentPostprocessing = 0;
		};
/* End PBXFrameworksBuildPhase section */

/* Begin PBXGroup section */
		AA2A53E31CFDDD1A003EF9F3 = {
			isa = PBXGroup;
			children = (
				AA2A53EE1CFDDD1A003EF9F3 /* Alocator */,
				AA2A54081CFDDD1A003EF9F3 /* AlocatorTests */,
				AA2A54131CFDDD1A003EF9F3 /* AlocatorUITests */,
				AA2A53ED1CFDDD1A003EF9F3 /* Products */,
			);
			sourceTree = "<group>";
		};
		AA2A53ED1CFDDD1A003EF9F3 /* Products */ = {
			isa = PBXGroup;
			children = (
				AA2A53EC1CFDDD1A003EF9F3 /* Alocator.app */,
				AA2A54051CFDDD1A003EF9F3 /* AlocatorTests.xctest */,
				AA2A54101CFDDD1A003EF9F3 /* AlocatorUITests.xctest */,
			);
			name = Products;
			sourceTree = "<group>";
		};
		AA2A53EE1CFDDD1A003EF9F3 /* Alocator */ = {
			isa = PBXGroup;
			children = (
				AA63DE2B1D01C801001FE02B /* MainMenuViewController.h */,
				AA63DE2C1D01C801001FE02B /* MainMenuViewController.m */,
				AA63DE251D01B71A001FE02B /* WhiskeyViewController.h */,
				AA63DE261D01B71A001FE02B /* WhiskeyViewController.m */,
				AA2A53F21CFDDD1A003EF9F3 /* AppDelegate.h */,
				AA2A53F31CFDDD1A003EF9F3 /* AppDelegate.m */,
				AA2A53F51CFDDD1A003EF9F3 /* ViewController.h */,
				AA2A53F61CFDDD1A003EF9F3 /* ViewController.m */,
				AA2A53F81CFDDD1A003EF9F3 /* Main.storyboard */,
				AA2A53FB1CFDDD1A003EF9F3 /* Assets.xcassets */,
				AA2A53FD1CFDDD1A003EF9F3 /* LaunchScreen.storyboard */,
				AA2A54001CFDDD1A003EF9F3 /* Info.plist */,
				AA2A53EF1CFDDD1A003EF9F3 /* Supporting Files */,
			);
			path = Alocator;
			sourceTree = "<group>";
		};
		AA2A53EF1CFDDD1A003EF9F3 /* Supporting Files */ = {
			isa = PBXGroup;
			children = (
				AA2A53F01CFDDD1A003EF9F3 /* main.m */,
			);
			name = "Supporting Files";
			sourceTree = "<group>";
		};
		AA2A54081CFDDD1A003EF9F3 /* AlocatorTests */ = {
			isa = PBXGroup;
			children = (
				AA2A54091CFDDD1A003EF9F3 /* AlocatorTests.m */,
				AA2A540B1CFDDD1A003EF9F3 /* Info.plist */,
			);
			path = AlocatorTests;
			sourceTree = "<group>";
		};
		AA2A54131CFDDD1A003EF9F3 /* AlocatorUITests */ = {
			isa = PBXGroup;
			children = (
				AA2A54141CFDDD1A003EF9F3 /* AlocatorUITests.m */,
				AA2A54161CFDDD1A003EF9F3 /* Info.plist */,
			);
			path = AlocatorUITests;
			sourceTree = "<group>";
		};
/* End PBXGroup section */

/* Begin PBXNativeTarget section */
		AA2A53EB1CFDDD1A003EF9F3 /* Alocator */ = {
			isa = PBXNativeTarget;
			buildConfigurationList = AA2A54191CFDDD1A003EF9F3 /* Build configuration list for PBXNativeTarget "Alocator" */;
			buildPhases = (
				AA2A53E81CFDDD1A003EF9F3 /* Sources */,
				AA2A53E91CFDDD1A003EF9F3 /* Frameworks */,
				AA2A53EA1CFDDD1A003EF9F3 /* Resources */,
			);
			buildRules = (
			);
			dependencies = (
			);
			name = Alocator;
			productName = Alocator;
			productReference = AA2A53EC1CFDDD1A003EF9F3 /* Alocator.app */;
			productType = "com.apple.product-type.application";
		};
		AA2A54041CFDDD1A003EF9F3 /* AlocatorTests */ = {
			isa = PBXNativeTarget;
			buildConfigurationList = AA2A541C1CFDDD1A003EF9F3 /* Build configuration list for PBXNativeTarget "AlocatorTests" */;
			buildPhases = (
				AA2A54011CFDDD1A003EF9F3 /* Sources */,
				AA2A54021CFDDD1A003EF9F3 /* Frameworks */,
				AA2A54031CFDDD1A003EF9F3 /* Resources */,
			);
			buildRules = (
			);
			dependencies = (
				AA2A54071CFDDD1A003EF9F3 /* PBXTargetDependency */,
			);
			name = AlocatorTests;
			productName = AlocatorTests;
			productReference = AA2A54051CFDDD1A003EF9F3 /* AlocatorTests.xctest */;
			productType = "com.apple.product-type.bundle.unit-test";
		};
		AA2A540F1CFDDD1A003EF9F3 /* AlocatorUITests */ = {
			isa = PBXNativeTarget;
			buildConfigurationList = AA2A541F1CFDDD1A003EF9F3 /* Build configuration list for PBXNativeTarget "AlocatorUITests" */;
			buildPhases = (
				AA2A540C1CFDDD1A003EF9F3 /* Sources */,
				AA2A540D1CFDDD1A003EF9F3 /* Frameworks */,
				AA2A540E1CFDDD1A003EF9F3 /* Resources */,
			);
			buildRules = (
			);
			dependencies = (
				AA2A54121CFDDD1A003EF9F3 /* PBXTargetDependency */,
			);
			name = AlocatorUITests;
			productName = AlocatorUITests;
			productReference = AA2A54101CFDDD1A003EF9F3 /* AlocatorUITests.xctest */;
			productType = "com.apple.product-type.bundle.ui-testing";
		};
/* End PBXNativeTarget section */

/* Begin PBXProject section */
		AA2A53E41CFDDD1A003EF9F3 /* Project object */ = {
			isa = PBXProject;
			attributes = {
				LastUpgradeCheck = 0730;
				ORGANIZATIONNAME = Lmusto;
				TargetAttributes = {
					AA2A53EB1CFDDD1A003EF9F3 = {
						CreatedOnToolsVersion = 7.3.1;
					};
					AA2A54041CFDDD1A003EF9F3 = {
						CreatedOnToolsVersion = 7.3.1;
						TestTargetID = AA2A53EB1CFDDD1A003EF9F3;
					};
					AA2A540F1CFDDD1A003EF9F3 = {
						CreatedOnToolsVersion = 7.3.1;
						TestTargetID = AA2A53EB1CFDDD1A003EF9F3;
					};
				};
			};
			buildConfigurationList = AA2A53E71CFDDD1A003EF9F3 /* Build configuration list for PBXProject "Alocator" */;
			compatibilityVersion = "Xcode 3.2";
			developmentRegion = English;
			hasScannedForEncodings = 0;
			knownRegions = (
				en,
				Base,
			);
			mainGroup = AA2A53E31CFDDD1A003EF9F3;
			productRefGroup = AA2A53ED1CFDDD1A003EF9F3 /* Products */;
			projectDirPath = "";
			projectRoot = "";
			targets = (
				AA2A53EB1CFDDD1A003EF9F3 /* Alocator */,
				AA2A54041CFDDD1A003EF9F3 /* AlocatorTests */,
				AA2A540F1CFDDD1A003EF9F3 /* AlocatorUITests */,
			);
		};
/* End PBXProject section */

/* Begin PBXResourcesBuildPhase section */
		AA2A53EA1CFDDD1A003EF9F3 /* Resources */ = {
			isa = PBXResourcesBuildPhase;
			buildActionMask = 2147483647;
			files = (
				AA2A53FF1CFDDD1A003EF9F3 /* LaunchScreen.storyboard in Resources */,
				AA2A53FC1CFDDD1A003EF9F3 /* Assets.xcassets in Resources */,
				AA2A53FA1CFDDD1A003EF9F3 /* Main.storyboard in Resources */,
			);
			runOnlyForDeploymentPostprocessing = 0;
		};
		AA2A54031CFDDD1A003EF9F3 /* Resources */ = {
			isa = PBXResourcesBuildPhase;
			buildActionMask = 2147483647;
			files = (
			);
			runOnlyForDeploymentPostprocessing = 0;
		};
		AA2A540E1CFDDD1A003EF9F3 /* Resources */ = {
			isa = PBXResourcesBuildPhase;
			buildActionMask = 2147483647;
			files = (
			);
			runOnlyForDeploymentPostprocessing = 0;
		};
/* End PBXResourcesBuildPhase section */

/* Begin PBXSourcesBuildPhase section */
		AA2A53E81CFDDD1A003EF9F3 /* Sources */ = {
			isa = PBXSourcesBuildPhase;
			buildActionMask = 2147483647;
			files = (
				AA2A53F71CFDDD1A003EF9F3 /* ViewController.m in Sources */,
				AA63DE271D01B71A001FE02B /* WhiskeyViewController.m in Sources */,
				AA2A53F41CFDDD1A003EF9F3 /* AppDelegate.m in Sources */,
				AA2A53F11CFDDD1A003EF9F3 /* main.m in Sources */,
				AA63DE2D1D01C801001FE02B /* MainMenuViewController.m in Sources */,
			);
			runOnlyForDeploymentPostprocessing = 0;
		};
		AA2A54011CFDDD1A003EF9F3 /* Sources */ = {
			isa = PBXSourcesBuildPhase;
			buildActionMask = 2147483647;
			files = (
				AA2A540A1CFDDD1A003EF9F3 /* AlocatorTests.m in Sources */,
			);
			runOnlyForDeploymentPostprocessing = 0;
		};
		AA2A540C1CFDDD1A003EF9F3 /* Sources */ = {
			isa = PBXSourcesBuildPhase;
			buildActionMask = 2147483647;
			files = (
				AA2A54151CFDDD1A003EF9F3 /* AlocatorUITests.m in Sources */,
			);
			runOnlyForDeploymentPostprocessing = 0;
		};
/* End PBXSourcesBuildPhase section */

/* Begin PBXTargetDependency section */
		AA2A54071CFDDD1A003EF9F3 /* PBXTargetDependency */ = {
			isa = PBXTargetDependency;
			target = AA2A53EB1CFDDD1A003EF9F3 /* Alocator */;
			targetProxy = AA2A54061CFDDD1A003EF9F3 /* PBXContainerItemProxy */;
		};
		AA2A54121CFDDD1A003EF9F3 /* PBXTargetDependency */ = {
			isa = PBXTargetDependency;
			target = AA2A53EB1CFDDD1A003EF9F3 /* Alocator */;
			targetProxy = AA2A54111CFDDD1A003EF9F3 /* PBXContainerItemProxy */;
		};
/* End PBXTargetDependency section */

/* Begin PBXVariantGroup section */
		AA2A53F81CFDDD1A003EF9F3 /* Main.storyboard */ = {
			isa = PBXVariantGroup;
			children = (
				AA2A53F91CFDDD1A003EF9F3 /* Base */,
			);
			name = Main.storyboard;
			sourceTree = "<group>";
		};
		AA2A53FD1CFDDD1A003EF9F3 /* LaunchScreen.storyboard */ = {
			isa = PBXVariantGroup;
			children = (
				AA2A53FE1CFDDD1A003EF9F3 /* Base */,
			);
			name = LaunchScreen.storyboard;
			sourceTree = "<group>";
		};
/* End PBXVariantGroup section */

/* Begin XCBuildConfiguration section */
		AA2A54171CFDDD1A003EF9F3 /* Debug */ = {
			isa = XCBuildConfiguration;
			buildSettings = {
				ALWAYS_SEARCH_USER_PATHS = NO;
				CLANG_ANALYZER_NONNULL = YES;
				CLANG_CXX_LANGUAGE_STANDARD = "gnu++0x";
				CLANG_CXX_LIBRARY = "libc++";
				CLANG_ENABLE_MODULES = YES;
				CLANG_ENABLE_OBJC_ARC = YES;
				CLANG_WARN_BOOL_CONVERSION = YES;
				CLANG_WARN_CONSTANT_CONVERSION = YES;
				CLANG_WARN_DIRECT_OBJC_ISA_USAGE = YES_ERROR;
				CLANG_WARN_EMPTY_BODY = YES;
				CLANG_WARN_ENUM_CONVERSION = YES;
				CLANG_WARN_INT_CONVERSION = YES;
				CLANG_WARN_OBJC_ROOT_CLASS = YES_ERROR;
				CLANG_WARN_UNREACHABLE_CODE = YES;
				CLANG_WARN__DUPLICATE_METHOD_MATCH = YES;
				"CODE_SIGN_IDENTITY[sdk=iphoneos*]" = "iPhone Developer";
				COPY_PHASE_STRIP = NO;
				DEBUG_INFORMATION_FORMAT = dwarf;
				ENABLE_STRICT_OBJC_MSGSEND = YES;
				ENABLE_TESTABILITY = YES;
				GCC_C_LANGUAGE_STANDARD = gnu99;
				GCC_DYNAMIC_NO_PIC = NO;
				GCC_NO_COMMON_BLOCKS = YES;
				GCC_OPTIMIZATION_LEVEL = 0;
				GCC_PREPROCESSOR_DEFINITIONS = (
					"DEBUG=1",
					"$(inherited)",
				);
				GCC_WARN_64_TO_32_BIT_CONVERSION = YES;
				GCC_WARN_ABOUT_RETURN_TYPE = YES_ERROR;
				GCC_WARN_UNDECLARED_SELECTOR = YES;
				GCC_WARN_UNINITIALIZED_AUTOS = YES_AGGRESSIVE;
				GCC_WARN_UNUSED_FUNCTION = YES;
				GCC_WARN_UNUSED_VARIABLE = YES;
				IPHONEOS_DEPLOYMENT_TARGET = 9.3;
				MTL_ENABLE_DEBUG_INFO = YES;
				ONLY_ACTIVE_ARCH = YES;
				SDKROOT = iphoneos;
				TARGETED_DEVICE_FAMILY = "1,2";
			};
			name = Debug;
		};
		AA2A54181CFDDD1A003EF9F3 /* Release */ = {
			isa = XCBuildConfiguration;
			buildSettings = {
				ALWAYS_SEARCH_USER_PATHS = NO;
				CLANG_ANALYZER_NONNULL = YES;
				CLANG_CXX_LANGUAGE_STANDARD = "gnu++0x";
				CLANG_CXX_LIBRARY = "libc++";
				CLANG_ENABLE_MODULES = YES;
				CLANG_ENABLE_OBJC_ARC = YES;
				CLANG_WARN_BOOL_CONVERSION = YES;
				CLANG_WARN_CONSTANT_CONVERSION = YES;
				CLANG_WARN_DIRECT_OBJC_ISA_USAGE = YES_ERROR;
				CLANG_WARN_EMPTY_BODY = YES;
				CLANG_WARN_ENUM_CONVERSION = YES;
				CLANG_WARN_INT_CONVERSION = YES;
				CLANG_WARN_OBJC_ROOT_CLASS = YES_ERROR;
				CLANG_WARN_UNREACHABLE_CODE = YES;
				CLANG_WARN__DUPLICATE_METHOD_MATCH = YES;
				"CODE_SIGN_IDENTITY[sdk=iphoneos*]" = "iPhone Developer";
				COPY_PHASE_STRIP = NO;
				DEBUG_INFORMATION_FORMAT = "dwarf-with-dsym";
				ENABLE_NS_ASSERTIONS = NO;
				ENABLE_STRICT_OBJC_MSGSEND = YES;
				GCC_C_LANGUAGE_STANDARD = gnu99;
				GCC_NO_COMMON_BLOCKS = YES;
				GCC_WARN_64_TO_32_BIT_CONVERSION = YES;
				GCC_WARN_ABOUT_RETURN_TYPE = YES_ERROR;
				GCC_WARN_UNDECLARED_SELECTOR = YES;
				GCC_WARN_UNINITIALIZED_AUTOS = YES_AGGRESSIVE;
				GCC_WARN_UNUSED_FUNCTION = YES;
				GCC_WARN_UNUSED_VARIABLE = YES;
				IPHONEOS_DEPLOYMENT_TARGET = 9.3;
				MTL_ENABLE_DEBUG_INFO = NO;
				SDKROOT = iphoneos;
				TARGETED_DEVICE_FAMILY = "1,2";
				VALIDATE_PRODUCT = YES;
			};
			name = Release;
		};
		AA2A541A1CFDDD1A003EF9F3 /* Debug */ = {
			isa = XCBuildConfiguration;
			buildSettings = {
				ASSETCATALOG_COMPILER_APPICON_NAME = AppIcon;
				INFOPLIST_FILE = Alocator/Info.plist;
				LD_RUNPATH_SEARCH_PATHS = "$(inherited) @executable_path/Frameworks";
				PRODUCT_BUNDLE_IDENTIFIER = com.Lmusto.Alocator;
				PRODUCT_NAME = "$(TARGET_NAME)";
			};
			name = Debug;
		};
		AA2A541B1CFDDD1A003EF9F3 /* Release */ = {
			isa = XCBuildConfiguration;
			buildSettings = {
				ASSETCATALOG_COMPILER_APPICON_NAME = AppIcon;
				INFOPLIST_FILE = Alocator/Info.plist;
				LD_RUNPATH_SEARCH_PATHS = "$(inherited) @executable_path/Frameworks";
				PRODUCT_BUNDLE_IDENTIFIER = com.Lmusto.Alocator;
				PRODUCT_NAME = "$(TARGET_NAME)";
			};
			name = Release;
		};
		AA2A541D1CFDDD1A003EF9F3 /* Debug */ = {
			isa = XCBuildConfiguration;
			buildSettings = {
				BUNDLE_LOADER = "$(TEST_HOST)";
				INFOPLIST_FILE = AlocatorTests/Info.plist;
				LD_RUNPATH_SEARCH_PATHS = "$(inherited) @executable_path/Frameworks @loader_path/Frameworks";
				PRODUCT_BUNDLE_IDENTIFIER = com.Lmusto.AlocatorTests;
				PRODUCT_NAME = "$(TARGET_NAME)";
				TEST_HOST = "$(BUILT_PRODUCTS_DIR)/Alocator.app/Alocator";
			};
			name = Debug;
		};
		AA2A541E1CFDDD1A003EF9F3 /* Release */ = {
			isa = XCBuildConfiguration;
			buildSettings = {
				BUNDLE_LOADER = "$(TEST_HOST)";
				INFOPLIST_FILE = AlocatorTests/Info.plist;
				LD_RUNPATH_SEARCH_PATHS = "$(inherited) @executable_path/Frameworks @loader_path/Frameworks";
				PRODUCT_BUNDLE_IDENTIFIER = com.Lmusto.AlocatorTests;
				PRODUCT_NAME = "$(TARGET_NAME)";
				TEST_HOST = "$(BUILT_PRODUCTS_DIR)/Alocator.app/Alocator";
			};
			name = Release;
		};
		AA2A54201CFDDD1A003EF9F3 /* Debug */ = {
			isa = XCBuildConfiguration;
			buildSettings = {
				INFOPLIST_FILE = AlocatorUITests/Info.plist;
				LD_RUNPATH_SEARCH_PATHS = "$(inherited) @executable_path/Frameworks @loader_path/Frameworks";
				PRODUCT_BUNDLE_IDENTIFIER = com.Lmusto.AlocatorUITests;
				PRODUCT_NAME = "$(TARGET_NAME)";
				TEST_TARGET_NAME = Alocator;
			};
			name = Debug;
		};
		AA2A54211CFDDD1A003EF9F3 /* Release */ = {
			isa = XCBuildConfiguration;
			buildSettings = {
				INFOPLIST_FILE = AlocatorUITests/Info.plist;
				LD_RUNPATH_SEARCH_PATHS = "$(inherited) @executable_path/Frameworks @loader_path/Frameworks";
				PRODUCT_BUNDLE_IDENTIFIER = com.Lmusto.AlocatorUITests;
				PRODUCT_NAME = "$(TARGET_NAME)";
				TEST_TARGET_NAME = Alocator;
			};
			name = Release;
		};
/* End XCBuildConfiguration section */

/* Begin XCConfigurationList section */
		AA2A53E71CFDDD1A003EF9F3 /* Build configuration list for PBXProject "Alocator" */ = {
			isa = XCConfigurationList;
			buildConfigurations = (
				AA2A54171CFDDD1A003EF9F3 /* Debug */,
				AA2A54181CFDDD1A003EF9F3 /* Release */,
			);
			defaultConfigurationIsVisible = 0;
			defaultConfigurationName = Release;
		};
		AA2A54191CFDDD1A003EF9F3 /* Build configuration list for PBXNativeTarget "Alocator" */ = {
			isa = XCConfigurationList;
			buildConfigurations = (
				AA2A541A1CFDDD1A003EF9F3 /* Debug */,
				AA2A541B1CFDDD1A003EF9F3 /* Release */,
			);
			defaultConfigurationIsVisible = 0;
			defaultConfigurationName = Release;
		};
		AA2A541C1CFDDD1A003EF9F3 /* Build configuration list for PBXNativeTarget "AlocatorTests" */ = {
			isa = XCConfigurationList;
			buildConfigurations = (
				AA2A541D1CFDDD1A003EF9F3 /* Debug */,
				AA2A541E1CFDDD1A003EF9F3 /* Release */,
			);
			defaultConfigurationIsVisible = 0;
			defaultConfigurationName = Release;
		};
		AA2A541F1CFDDD1A003EF9F3 /* Build configuration list for PBXNativeTarget "AlocatorUITests" */ = {
			isa = XCConfigurationList;
			buildConfigurations = (
				AA2A54201CFDDD1A003EF9F3 /* Debug */,
				AA2A54211CFDDD1A003EF9F3 /* Release */,
			);
			defaultConfigurationIsVisible = 0;
			defaultConfigurationName = Release;
		};
/* End XCConfigurationList section */
	};
	rootObject = AA2A53E41CFDDD1A003EF9F3 /* Project object */;
}
